{
  "version": 4,
  "terraform_version": "1.7.5",
  "serial": 42,
  "lineage": "a1b2c3d4-e5f6-7890-abcd-ef1234567890",
  "outputs": {
    "web_public_ip": {
      "value": "10.0.1.100",
      "type": "string"
    }
  },
  "resources": [
    {
      "mode": "managed",
      "type": "aws_instance",
      "name": "web",
      "provider": "provider[\"registry.terraform.io/hashicorp/aws\"]",
      "instances": [
        {
          "schema_version": 1,
          "attributes": {
            "id": "i-0abc123def456789",
            "ami": "ami-0c55b159cbfafe1f0",
            "instance_type": "t3.micro",
            "availability_zone": "us-east-1a",
            "subnet_id": "subnet-0123456789abcdef0",
            "vpc_security_group_ids": ["sg-0123456789abcdef0"],
            "tags": {
              "Name": "uiao-web-server",
              "Environment": "production",
              "CostCenter": "governance"
            },
            "private_ip": "10.0.1.100",
            "public_ip": null,
            "root_block_device": [
              {
                "volume_size": 20,
                "volume_type": "gp3",
                "encrypted": true
              }
            ]
          }
        }
      ]
    },
    {
      "mode": "managed",
      "type": "aws_security_group",
      "name": "web_sg",
      "provider": "provider[\"registry.terraform.io/hashicorp/aws\"]",
      "instances": [
        {
          "schema_version": 1,
          "attributes": {
            "id": "sg-0123456789abcdef0",
            "name": "uiao-web-sg",
            "description": "Security group for UIAO web server",
            "vpc_id": "vpc-0123456789abcdef0",
            "ingress": [
              {
                "from_port": 443,
                "to_port": 443,
                "protocol": "tcp",
                "cidr_blocks": ["10.0.0.0/8"]
              }
            ],
            "egress": [
              {
                "from_port": 0,
                "to_port": 0,
                "protocol": "-1",
                "cidr_blocks": ["0.0.0.0/0"]
              }
            ],
            "tags": {
              "Name": "uiao-web-sg"
            }
          }
        }
      ]
    },
    {
      "mode": "managed",
      "type": "azurerm_resource_group",
      "name": "governance",
      "provider": "provider[\"registry.terraform.io/hashicorp/azurerm\"]",
      "instances": [
        {
          "schema_version": 0,
          "attributes": {
            "id": "/subscriptions/00000000-0000-0000-0000-000000000000/resourceGroups/uiao-governance-rg",
            "name": "uiao-governance-rg",
            "location": "usgovvirginia",
            "tags": {
              "Environment": "production",
              "CostCenter": "governance",
              "FedRAMP": "Moderate"
            }
          }
        }
      ]
    },
    {
      "mode": "managed",
      "type": "azurerm_virtual_network",
      "name": "main",
      "provider": "provider[\"registry.terraform.io/hashicorp/azurerm\"]",
      "instances": [
        {
          "schema_version": 0,
          "attributes": {
            "id": "/subscriptions/00000000-0000-0000-0000-000000000000/resourceGroups/uiao-governance-rg/providers/Microsoft.Network/virtualNetworks/uiao-vnet",
            "name": "uiao-vnet",
            "location": "usgovvirginia",
            "resource_group_name": "uiao-governance-rg",
            "address_space": ["10.0.0.0/16"],
            "tags": {
              "Environment": "production"
            }
          }
        }
      ]
    },
    {
      "mode": "data",
      "type": "aws_caller_identity",
      "name": "current",
      "provider": "provider[\"registry.terraform.io/hashicorp/aws\"]",
      "instances": [
        {
          "schema_version": 0,
          "attributes": {
            "account_id": "123456789012",
            "arn": "arn:aws:iam::123456789012:user/uiao-deployer",
            "id": "123456789012",
            "user_id": "AIDAEXAMPLE"
          }
        }
      ]
    }
  ]
}
